
Microsoft Visual Studio Solution File, Format Version 12.00
# Visual Studio Version 17
VisualStudioVersion = 17.10.35027.167
MinimumVisualStudioVersion = 10.0.40219.1
Project("{FAE04EC0-301F-11D3-BF4B-00C04F79EFBC}") = "PartialViewSample", "PartialViewSample\PartialViewSample.csproj", "{26C587E2-8483-4FDB-BE08-CC13B64FCEC2}"
EndProject
Global
	GlobalSection(SolutionConfigurationPlatforms) = preSolution
		Debug|Any CPU = Debug|Any CPU
		Release|Any CPU = Release|Any CPU
	EndGlobalSection
	GlobalSection(ProjectConfigurationPlatforms) = postSolution
		{26C587E2-8483-4FDB-BE08-CC13B64FCEC2}.Debug|Any CPU.ActiveCfg = Debug|Any CPU
		{26C587E2-8483-4FDB-BE08-CC13B64FCEC2}.Debug|Any CPU.Build.0 = Debug|Any CPU
		{26C587E2-8483-4FDB-BE08-CC13B64FCEC2}.Release|Any CPU.ActiveCfg = Release|Any CPU
		{26C587E2-8483-4FDB-BE08-CC13B64FCEC2}.Release|Any CPU.Build.0 = Release|Any CPU
	EndGlobalSection
	GlobalSection(SolutionProperties) = preSolution
		HideSolutionNode = FALSE
	EndGlobalSection
	GlobalSection(ExtensibilityGlobals) = postSolution
		SolutionGuid = {87126909-B6D4-4E1D-9ABE-934B14C472F4}
	EndGlobalSection
EndGlobal
