
Microsoft Visual Studio Solution File, Format Version 12.00
# Visual Studio Version 17
VisualStudioVersion = 17.10.35027.167
MinimumVisualStudioVersion = 10.0.40219.1
Project("{FAE04EC0-301F-11D3-BF4B-00C04F79EFBC}") = "DBFirstNorthwindMCV", "DBFirstNorthwindMCV\DBFirstNorthwindMCV.csproj", "{EBE00230-2EF2-4925-B521-E84EB5D64EC6}"
EndProject
Global
	GlobalSection(SolutionConfigurationPlatforms) = preSolution
		Debug|Any CPU = Debug|Any CPU
		Release|Any CPU = Release|Any CPU
	EndGlobalSection
	GlobalSection(ProjectConfigurationPlatforms) = postSolution
		{EBE00230-2EF2-4925-B521-E84EB5D64EC6}.Debug|Any CPU.ActiveCfg = Debug|Any CPU
		{EBE00230-2EF2-4925-B521-E84EB5D64EC6}.Debug|Any CPU.Build.0 = Debug|Any CPU
		{EBE00230-2EF2-4925-B521-E84EB5D64EC6}.Release|Any CPU.ActiveCfg = Release|Any CPU
		{EBE00230-2EF2-4925-B521-E84EB5D64EC6}.Release|Any CPU.Build.0 = Release|Any CPU
	EndGlobalSection
	GlobalSection(SolutionProperties) = preSolution
		HideSolutionNode = FALSE
	EndGlobalSection
	GlobalSection(ExtensibilityGlobals) = postSolution
		SolutionGuid = {76B6F285-6E66-47A2-99CD-2EE220E8B42F}
	EndGlobalSection
EndGlobal
