
Microsoft Visual Studio Solution File, Format Version 12.00
# Visual Studio Version 17
VisualStudioVersion = 17.9.34728.123
MinimumVisualStudioVersion = 10.0.40219.1
Project("{FAE04EC0-301F-11D3-BF4B-00C04F79EFBC}") = "PresentationLayer", "PresentationLayer\PresentationLayer.csproj", "{0459152A-DAC8-4DE1-BDA0-93B49093E661}"
EndProject
Project("{FAE04EC0-301F-11D3-BF4B-00C04F79EFBC}") = "BusinessLayer", "BusinessLayer\BusinessLayer.csproj", "{62654D03-186D-408C-ADF2-276CF6943AE4}"
EndProject
Project("{FAE04EC0-301F-11D3-BF4B-00C04F79EFBC}") = "DataLayer", "DataLayer\DataLayer.csproj", "{B2458816-C4C8-4E71-AF91-BFA8D6F76038}"
EndProject
Global
	GlobalSection(SolutionConfigurationPlatforms) = preSolution
		Debug|Any CPU = Debug|Any CPU
		Release|Any CPU = Release|Any CPU
	EndGlobalSection
	GlobalSection(ProjectConfigurationPlatforms) = postSolution
		{0459152A-DAC8-4DE1-BDA0-93B49093E661}.Debug|Any CPU.ActiveCfg = Debug|Any CPU
		{0459152A-DAC8-4DE1-BDA0-93B49093E661}.Debug|Any CPU.Build.0 = Debug|Any CPU
		{0459152A-DAC8-4DE1-BDA0-93B49093E661}.Release|Any CPU.ActiveCfg = Release|Any CPU
		{0459152A-DAC8-4DE1-BDA0-93B49093E661}.Release|Any CPU.Build.0 = Release|Any CPU
		{62654D03-186D-408C-ADF2-276CF6943AE4}.Debug|Any CPU.ActiveCfg = Debug|Any CPU
		{62654D03-186D-408C-ADF2-276CF6943AE4}.Debug|Any CPU.Build.0 = Debug|Any CPU
		{62654D03-186D-408C-ADF2-276CF6943AE4}.Release|Any CPU.ActiveCfg = Release|Any CPU
		{62654D03-186D-408C-ADF2-276CF6943AE4}.Release|Any CPU.Build.0 = Release|Any CPU
		{B2458816-C4C8-4E71-AF91-BFA8D6F76038}.Debug|Any CPU.ActiveCfg = Debug|Any CPU
		{B2458816-C4C8-4E71-AF91-BFA8D6F76038}.Debug|Any CPU.Build.0 = Debug|Any CPU
		{B2458816-C4C8-4E71-AF91-BFA8D6F76038}.Release|Any CPU.ActiveCfg = Release|Any CPU
		{B2458816-C4C8-4E71-AF91-BFA8D6F76038}.Release|Any CPU.Build.0 = Release|Any CPU
	EndGlobalSection
	GlobalSection(SolutionProperties) = preSolution
		HideSolutionNode = FALSE
	EndGlobalSection
	GlobalSection(ExtensibilityGlobals) = postSolution
		SolutionGuid = {2386E13A-4118-418B-9447-BD895EDAC949}
	EndGlobalSection
EndGlobal
