
Microsoft Visual Studio Solution File, Format Version 12.00
# Visual Studio Version 17
VisualStudioVersion = 17.10.35027.167
MinimumVisualStudioVersion = 10.0.40219.1
Project("{FAE04EC0-301F-11D3-BF4B-00C04F79EFBC}") = "IdentitySample", "IdentitySample\IdentitySample.csproj", "{9F6B40E1-4C31-4EDF-BAAC-F424C21BA55C}"
EndProject
Global
	GlobalSection(SolutionConfigurationPlatforms) = preSolution
		Debug|Any CPU = Debug|Any CPU
		Release|Any CPU = Release|Any CPU
	EndGlobalSection
	GlobalSection(ProjectConfigurationPlatforms) = postSolution
		{9F6B40E1-4C31-4EDF-BAAC-F424C21BA55C}.Debug|Any CPU.ActiveCfg = Debug|Any CPU
		{9F6B40E1-4C31-4EDF-BAAC-F424C21BA55C}.Debug|Any CPU.Build.0 = Debug|Any CPU
		{9F6B40E1-4C31-4EDF-BAAC-F424C21BA55C}.Release|Any CPU.ActiveCfg = Release|Any CPU
		{9F6B40E1-4C31-4EDF-BAAC-F424C21BA55C}.Release|Any CPU.Build.0 = Release|Any CPU
	EndGlobalSection
	GlobalSection(SolutionProperties) = preSolution
		HideSolutionNode = FALSE
	EndGlobalSection
	GlobalSection(ExtensibilityGlobals) = postSolution
		SolutionGuid = {9557D7EF-5930-4FB9-B512-07450F14E9B1}
	EndGlobalSection
EndGlobal
