
Microsoft Visual Studio Solution File, Format Version 12.00
# Visual Studio Version 17
VisualStudioVersion = 17.10.34916.146
MinimumVisualStudioVersion = 10.0.40219.1
Project("{FAE04EC0-301F-11D3-BF4B-00C04F79EFBC}") = "WebApiCrud", "WebApiCrud\WebApiCrud.csproj", "{789584EC-C638-4D54-918A-431A9B5012F1}"
EndProject
Project("{FAE04EC0-301F-11D3-BF4B-00C04F79EFBC}") = "Data", "Data\Data.csproj", "{3E6A6F96-3797-4A94-880A-6C3CFB8826F0}"
EndProject
Global
	GlobalSection(SolutionConfigurationPlatforms) = preSolution
		Debug|Any CPU = Debug|Any CPU
		Release|Any CPU = Release|Any CPU
	EndGlobalSection
	GlobalSection(ProjectConfigurationPlatforms) = postSolution
		{789584EC-C638-4D54-918A-431A9B5012F1}.Debug|Any CPU.ActiveCfg = Debug|Any CPU
		{789584EC-C638-4D54-918A-431A9B5012F1}.Debug|Any CPU.Build.0 = Debug|Any CPU
		{789584EC-C638-4D54-918A-431A9B5012F1}.Release|Any CPU.ActiveCfg = Release|Any CPU
		{789584EC-C638-4D54-918A-431A9B5012F1}.Release|Any CPU.Build.0 = Release|Any CPU
		{3E6A6F96-3797-4A94-880A-6C3CFB8826F0}.Debug|Any CPU.ActiveCfg = Debug|Any CPU
		{3E6A6F96-3797-4A94-880A-6C3CFB8826F0}.Debug|Any CPU.Build.0 = Debug|Any CPU
		{3E6A6F96-3797-4A94-880A-6C3CFB8826F0}.Release|Any CPU.ActiveCfg = Release|Any CPU
		{3E6A6F96-3797-4A94-880A-6C3CFB8826F0}.Release|Any CPU.Build.0 = Release|Any CPU
	EndGlobalSection
	GlobalSection(SolutionProperties) = preSolution
		HideSolutionNode = FALSE
	EndGlobalSection
	GlobalSection(ExtensibilityGlobals) = postSolution
		SolutionGuid = {4D2E7956-82A5-4612-AB12-E54F87DB8184}
	EndGlobalSection
EndGlobal
